// !$*UTF8*$!
{
	archiveVersion = 1;
	classes = {
	};
	objectVersion = 46;
	objects = {

/* Begin PBXBuildFile section */
		074214FE1E656EE100E01C95 /* MyStaticLibraryDM.m in Sources */ = {isa = PBXBuildFile; fileRef = 074214FD1E656EE100E01C95 /* MyStaticLibraryDM.m */; };
		074214FF1E656EE100E01C95 /* MyStaticLibraryDM.h in CopyFiles */ = {isa = PBXBuildFile; fileRef = 074214FC1E656EE100E01C95 /* MyStaticLibraryDM.h */; };
/* End PBXBuildFile section */

/* Begin PBXCopyFilesBuildPhase section */
		074214F71E656EE100E01C95 /* CopyFiles */ = {
			isa = PBXCopyFilesBuildPhase;
			buildActionMask = 2147483647;
			dstPath = "include/$(PRODUCT_NAME)";
			dstSubfolderSpec = 16;
			files = (
				074214FF1E656EE100E01C95 /* MyStaticLibraryDM.h in CopyFiles */,
			);
			runOnlyForDeploymentPostprocessing = 0;
		};
/* End PBXCopyFilesBuildPhase section */

/* Begin PBXFileReference section */
		074214F91E656EE100E01C95 /* libMyStaticLibraryDM.a */ = {isa = PBXFileReference; explicitFileType = archive.ar; includeInIndex = 0; path = libMyStaticLibraryDM.a; sourceTree = BUILT_PRODUCTS_DIR; };
		074214FC1E656EE100E01C95 /* MyStaticLibraryDM.h */ = {isa = PBXFileReference; lastKnownFileType = sourcecode.c.h; path = MyStaticLibraryDM.h; sourceTree = "<group>"; };
		074214FD1E656EE100E01C95 /* MyStaticLibraryDM.m */ = {isa = PBXFileReference; lastKnownFileType = sourcecode.c.objc; path = MyStaticLibraryDM.m; sourceTree = "<group>"; };
/* End PBXFileReference section */

/* Begin PBXFrameworksBuildPhase section */
		074214F61E656EE100E01C95 /* Frameworks */ = {
			isa = PBXFrameworksBuildPhase;
			buildActionMask = 2147483647;
			files = (
			);
			runOnlyForDeploymentPostprocessing = 0;
		};
/* End PBXFrameworksBuildPhase section */

/* Begin PBXGroup section */
		074214F01E656EE100E01C95 = {
			isa = PBXGroup;
			children = (
				074214FB1E656EE100E01C95 /* MyStaticLibraryDM */,
				074214FA1E656EE100E01C95 /* Products */,
			);
			sourceTree = "<group>";
		};
		074214FA1E656EE100E01C95 /* Products */ = {
			isa = PBXGroup;
			children = (
				074214F91E656EE100E01C95 /* libMyStaticLibraryDM.a */,
			);
			name = Products;
			sourceTree = "<group>";
		};
		074214FB1E656EE100E01C95 /* MyStaticLibraryDM */ = {
			isa = PBXGroup;
			children = (
				074214FC1E656EE100E01C95 /* MyStaticLibraryDM.h */,
				074214FD1E656EE100E01C95 /* MyStaticLibraryDM.m */,
			);
			path = MyStaticLibraryDM;
			sourceTree = "<group>";
		};
/* End PBXGroup section */

/* Begin PBXNativeTarget section */
		074214F81E656EE100E01C95 /* MyStaticLibraryDM */ = {
			isa = PBXNativeTarget;
			buildConfigurationList = 074215021E656EE100E01C95 /* Build configuration list for PBXNativeTarget "MyStaticLibraryDM" */;
			buildPhases = (
				074214F51E656EE100E01C95 /* Sources */,
				074214F61E656EE100E01C95 /* Frameworks */,
				074214F71E656EE100E01C95 /* CopyFiles */,
			);
			buildRules = (
			);
			dependencies = (
			);
			name = MyStaticLibraryDM;
			productName = MyStaticLibraryDM;
			productReference = 074214F91E656EE100E01C95 /* libMyStaticLibraryDM.a */;
			productType = "com.apple.product-type.library.static";
		};
/* End PBXNativeTarget section */

/* Begin PBXProject section */
		074214F11E656EE100E01C95 /* Project object */ = {
			isa = PBXProject;
			attributes = {
				LastUpgradeCheck = 0820;
				ORGANIZATIONNAME = micaimanong;
				TargetAttributes = {
					074214F81E656EE100E01C95 = {
						CreatedOnToolsVersion = 8.2.1;
						ProvisioningStyle = Automatic;
					};
				};
			};
			buildConfigurationList = 074214F41E656EE100E01C95 /* Build configuration list for PBXProject "MyStaticLibraryDM" */;
			compatibilityVersion = "Xcode 3.2";
			developmentRegion = English;
			hasScannedForEncodings = 0;
			knownRegions = (
				en,
			);
			mainGroup = 074214F01E656EE100E01C95;
			productRefGroup = 074214FA1E656EE100E01C95 /* Products */;
			projectDirPath = "";
			projectRoot = "";
			targets = (
				074214F81E656EE100E01C95 /* MyStaticLibraryDM */,
			);
		};
/* End PBXProject section */

/* Begin PBXSourcesBuildPhase section */
		074214F51E656EE100E01C95 /* Sources */ = {
			isa = PBXSourcesBuildPhase;
			buildActionMask = 2147483647;
			files = (
				074214FE1E656EE100E01C95 /* MyStaticLibraryDM.m in Sources */,
			);
			runOnlyForDeploymentPostprocessing = 0;
		};
/* End PBXSourcesBuildPhase section */

/* Begin XCBuildConfiguration section */
		074215001E656EE100E01C95 /* Debug */ = {
			isa = XCBuildConfiguration;
			buildSettings = {
				ALWAYS_SEARCH_USER_PATHS = NO;
				CLANG_ANALYZER_NONNULL = YES;
				CLANG_CXX_LANGUAGE_STANDARD = "gnu++0x";
				CLANG_CXX_LIBRARY = "libc++";
				CLANG_ENABLE_MODULES = YES;
				CLANG_ENABLE_OBJC_ARC = YES;
				CLANG_WARN_BOOL_CONVERSION = YES;
				CLANG_WARN_CONSTANT_CONVERSION = YES;
				CLANG_WARN_DIRECT_OBJC_ISA_USAGE = YES_ERROR;
				CLANG_WARN_DOCUMENTATION_COMMENTS = YES;
				CLANG_WARN_EMPTY_BODY = YES;
				CLANG_WARN_ENUM_CONVERSION = YES;
				CLANG_WARN_INFINITE_RECURSION = YES;
				CLANG_WARN_INT_CONVERSION = YES;
				CLANG_WARN_OBJC_ROOT_CLASS = YES_ERROR;
				CLANG_WARN_SUSPICIOUS_MOVE = YES;
				CLANG_WARN_UNREACHABLE_CODE = YES;
				CLANG_WARN__DUPLICATE_METHOD_MATCH = YES;
				"CODE_SIGN_IDENTITY[sdk=iphoneos*]" = "iPhone Developer";
				COPY_PHASE_STRIP = NO;
				DEBUG_INFORMATION_FORMAT = dwarf;
				ENABLE_STRICT_OBJC_MSGSEND = YES;
				ENABLE_TESTABILITY = YES;
				GCC_C_LANGUAGE_STANDARD = gnu99;
				GCC_DYNAMIC_NO_PIC = NO;
				GCC_NO_COMMON_BLOCKS = YES;
				GCC_OPTIMIZATION_LEVEL = 0;
				GCC_PREPROCESSOR_DEFINITIONS = (
					"DEBUG=1",
					"$(inherited)",
				);
				GCC_WARN_64_TO_32_BIT_CONVERSION = YES;
				GCC_WARN_ABOUT_RETURN_TYPE = YES_ERROR;
				GCC_WARN_UNDECLARED_SELECTOR = YES;
				GCC_WARN_UNINITIALIZED_AUTOS = YES_AGGRESSIVE;
				GCC_WARN_UNUSED_FUNCTION = YES;
				GCC_WARN_UNUSED_VARIABLE = YES;
				IPHONEOS_DEPLOYMENT_TARGET = 10.2;
				MTL_ENABLE_DEBUG_INFO = YES;
				ONLY_ACTIVE_ARCH = YES;
				SDKROOT = iphoneos;
			};
			name = Debug;
		};
		074215011E656EE100E01C95 /* Release */ = {
			isa = XCBuildConfiguration;
			buildSettings = {
				ALWAYS_SEARCH_USER_PATHS = NO;
				CLANG_ANALYZER_NONNULL = YES;
				CLANG_CXX_LANGUAGE_STANDARD = "gnu++0x";
				CLANG_CXX_LIBRARY = "libc++";
				CLANG_ENABLE_MODULES = YES;
				CLANG_ENABLE_OBJC_ARC = YES;
				CLANG_WARN_BOOL_CONVERSION = YES;
				CLANG_WARN_CONSTANT_CONVERSION = YES;
				CLANG_WARN_DIRECT_OBJC_ISA_USAGE = YES_ERROR;
				CLANG_WARN_DOCUMENTATION_COMMENTS = YES;
				CLANG_WARN_EMPTY_BODY = YES;
				CLANG_WARN_ENUM_CONVERSION = YES;
				CLANG_WARN_INFINITE_RECURSION = YES;
				CLANG_WARN_INT_CONVERSION = YES;
				CLANG_WARN_OBJC_ROOT_CLASS = YES_ERROR;
				CLANG_WARN_SUSPICIOUS_MOVE = YES;
				CLANG_WARN_UNREACHABLE_CODE = YES;
				CLANG_WARN__DUPLICATE_METHOD_MATCH = YES;
				"CODE_SIGN_IDENTITY[sdk=iphoneos*]" = "iPhone Developer";
				COPY_PHASE_STRIP = NO;
				DEBUG_INFORMATION_FORMAT = "dwarf-with-dsym";
				ENABLE_NS_ASSERTIONS = NO;
				ENABLE_STRICT_OBJC_MSGSEND = YES;
				GCC_C_LANGUAGE_STANDARD = gnu99;
				GCC_NO_COMMON_BLOCKS = YES;
				GCC_WARN_64_TO_32_BIT_CONVERSION = YES;
				GCC_WARN_ABOUT_RETURN_TYPE = YES_ERROR;
				GCC_WARN_UNDECLARED_SELECTOR = YES;
				GCC_WARN_UNINITIALIZED_AUTOS = YES_AGGRESSIVE;
				GCC_WARN_UNUSED_FUNCTION = YES;
				GCC_WARN_UNUSED_VARIABLE = YES;
				IPHONEOS_DEPLOYMENT_TARGET = 10.2;
				MTL_ENABLE_DEBUG_INFO = NO;
				SDKROOT = iphoneos;
				VALIDATE_PRODUCT = YES;
			};
			name = Release;
		};
		074215031E656EE100E01C95 /* Debug */ = {
			isa = XCBuildConfiguration;
			buildSettings = {
				OTHER_LDFLAGS = "-ObjC";
				PRODUCT_NAME = "$(TARGET_NAME)";
				SKIP_INSTALL = YES;
			};
			name = Debug;
		};
		074215041E656EE100E01C95 /* Release */ = {
			isa = XCBuildConfiguration;
			buildSettings = {
				OTHER_LDFLAGS = "-ObjC";
				PRODUCT_NAME = "$(TARGET_NAME)";
				SKIP_INSTALL = YES;
			};
			name = Release;
		};
/* End XCBuildConfiguration section */

/* Begin XCConfigurationList section */
		074214F41E656EE100E01C95 /* Build configuration list for PBXProject "MyStaticLibraryDM" */ = {
			isa = XCConfigurationList;
			buildConfigurations = (
				074215001E656EE100E01C95 /* Debug */,
				074215011E656EE100E01C95 /* Release */,
			);
			defaultConfigurationIsVisible = 0;
			defaultConfigurationName = Release;
		};
		074215021E656EE100E01C95 /* Build configuration list for PBXNativeTarget "MyStaticLibraryDM" */ = {
			isa = XCConfigurationList;
			buildConfigurations = (
				074215031E656EE100E01C95 /* Debug */,
				074215041E656EE100E01C95 /* Release */,
			);
			defaultConfigurationIsVisible = 0;
		};
/* End XCConfigurationList section */
	};
	rootObject = 074214F11E656EE100E01C95 /* Project object */;
}
